{
    "_readme": [
        "This file locks the dependencies of your project to a known state",
        "Read more about it at https://getcomposer.org/doc/01-basic-usage.md#installing-dependencies",
        "This file is @generated automatically"
    ],
    "content-hash": "0e57af150da79c8efcb255931fee138f",
    "packages": [],
    "packages-dev": [],
    "aliases": [],
    "minimum-stability": "stable",
    "stability-flags": [],
    "prefer-stable": false,
    "prefer-lowest": false,
    "platform": {
        "php": "^7.0.0",
        "ext-gd": "*",
        "ext-mysqli": "*",
        "ext-intl": "*",
        "ext-imagick": "*"
    },
    "platform-dev": [],
    "plugin-api-version": "1.1.0"
}
