{
    "_readme": [
        "This file locks the dependencies of your project to a known state",
        "Read more about it at https://getcomposer.org/doc/01-basic-usage.md#composer-lock-the-lock-file",
        "This file is @generated automatically"
    ],
    "content-hash": "32721ec2b0e9be02ac6fa5368193f75b",
    "packages": [],
    "packages-dev": [],
    "aliases": [],
    "minimum-stability": "stable",
    "stability-flags": [],
    "prefer-stable": false,
    "prefer-lowest": false,
    "platform": {
        "php": "^7.0.0",
        "ext-mbstring": "*",
        "ext-gd": "*",
        "ext-mysqli": "*",
        "ext-intl": "*",
        "ext-imagick": "*"
    },
    "platform-dev": []
}
